
Microsoft Visual Studio Solution File, Format Version 12.00
# Visual Studio Version 16
VisualStudioVersion = 16.0.31321.278
MinimumVisualStudioVersion = 10.0.40219.1
Project("{9A19103F-16F7-4668-BE54-9A1E7A4F7556}") = "ExchangeAPI", "ExchangeAPI\ExchangeAPI.csproj", "{EF16CC8C-3876-46AA-B694-FE54C19E7B1E}"
EndProject
Project("{9A19103F-16F7-4668-BE54-9A1E7A4F7556}") = "ExchangeAPI.Tests", "ExchangeAPI.Tests\ExchangeAPI.Tests.csproj", "{4E5C496E-6D62-401E-A508-8F2E9E9FC01F}"
EndProject
Global
	GlobalSection(SolutionConfigurationPlatforms) = preSolution
		Debug|Any CPU = Debug|Any CPU
		Release|Any CPU = Release|Any CPU
	EndGlobalSection
	GlobalSection(ProjectConfigurationPlatforms) = postSolution
		{EF16CC8C-3876-46AA-B694-FE54C19E7B1E}.Debug|Any CPU.ActiveCfg = Debug|Any CPU
		{EF16CC8C-3876-46AA-B694-FE54C19E7B1E}.Debug|Any CPU.Build.0 = Debug|Any CPU
		{EF16CC8C-3876-46AA-B694-FE54C19E7B1E}.Release|Any CPU.ActiveCfg = Release|Any CPU
		{EF16CC8C-3876-46AA-B694-FE54C19E7B1E}.Release|Any CPU.Build.0 = Release|Any CPU
		{4E5C496E-6D62-401E-A508-8F2E9E9FC01F}.Debug|Any CPU.ActiveCfg = Debug|Any CPU
		{4E5C496E-6D62-401E-A508-8F2E9E9FC01F}.Debug|Any CPU.Build.0 = Debug|Any CPU
		{4E5C496E-6D62-401E-A508-8F2E9E9FC01F}.Release|Any CPU.ActiveCfg = Release|Any CPU
		{4E5C496E-6D62-401E-A508-8F2E9E9FC01F}.Release|Any CPU.Build.0 = Release|Any CPU
	EndGlobalSection
	GlobalSection(SolutionProperties) = preSolution
		HideSolutionNode = FALSE
	EndGlobalSection
	GlobalSection(ExtensibilityGlobals) = postSolution
		SolutionGuid = {0D7709C0-4E71-43E7-8E4E-F98D47B2ED69}
	EndGlobalSection
EndGlobal
